
Microsoft Visual Studio Solution File, Format Version 12.00
# Visual Studio Version 16
VisualStudioVersion = 16.0.30717.126
MinimumVisualStudioVersion = 10.0.40219.1
Project("{2150E333-8FDC-42A3-9474-1A3956D46DE8}") = "ApiGateway", "ApiGateway", "{AFFE4966-1609-4B32-A6B4-D9CF03D49811}"
EndProject
Project("{2150E333-8FDC-42A3-9474-1A3956D46DE8}") = "Framework", "Framework", "{6132A8FC-C6AE-46CE-B1C2-EDE8F59FB7D8}"
EndProject
Project("{2150E333-8FDC-42A3-9474-1A3956D46DE8}") = "Setup", "Setup", "{5F14A4FA-DC01-4E08-9039-4F742659E68C}"
EndProject
Project("{2150E333-8FDC-42A3-9474-1A3956D46DE8}") = "AuctionSession", "AuctionSession", "{ECFE1B0C-9C88-4BC8-9A35-63370481E079}"
EndProject
Project("{9A19103F-16F7-4668-BE54-9A1E7A4F7556}") = "ASC.Online.AuctionApp.SessionSetup.Api", "ASC.Online.AuctionApp.SessionSetup.Api\ASC.Online.AuctionApp.SessionSetup.Api.csproj", "{D9E5A5A1-56BA-4F86-AFED-102FCFA2E605}"
EndProject
Project("{9A19103F-16F7-4668-BE54-9A1E7A4F7556}") = "ASC.Online.AuctionApp.SessionSetup.Business", "ASC.Online.AuctionApp.SessionSetup.Business\ASC.Online.AuctionApp.SessionSetup.Business.csproj", "{F9553CB9-130B-4B45-AD6E-1ABD34CB0E64}"
EndProject
Project("{9A19103F-16F7-4668-BE54-9A1E7A4F7556}") = "ASC.Online.AuctionApp.SessionSetup.DataAccess", "ASC.Online.AuctionApp.SessionSetup.DataAccess\ASC.Online.AuctionApp.SessionSetup.DataAccess.csproj", "{B71D1BE5-7752-4041-83B5-A3C0008F50E4}"
EndProject
Project("{9A19103F-16F7-4668-BE54-9A1E7A4F7556}") = "ASC.Online.AuctionApp.ApiGateway", "ASC.Online.AuctionApp.ApiGateway\ASC.Online.AuctionApp.ApiGateway.csproj", "{18FF65FD-A339-4F48-8ACC-6EEE2C4F64BE}"
EndProject
Project("{9A19103F-16F7-4668-BE54-9A1E7A4F7556}") = "ASC.Online.AuctionApp.Framework", "ASC.Online.AuctionApp.Framework\ASC.Online.AuctionApp.Framework.csproj", "{DF178CD9-B9EF-4DB1-9B25-6B78A8151589}"
EndProject
Project("{9A19103F-16F7-4668-BE54-9A1E7A4F7556}") = "ASC.Online.AuctionApp.Framework.Models", "ASC.Online.AuctionApp.Models\ASC.Online.AuctionApp.Framework.Models.csproj", "{A6D765EB-AAAA-41E2-A12E-FC2E53A983C4}"
EndProject
Project("{9A19103F-16F7-4668-BE54-9A1E7A4F7556}") = "ASC.Online.AuctionApp.Framework.Utility", "ASC.Online.AuctionApp.Framework.Utility\ASC.Online.AuctionApp.Framework.Utility.csproj", "{F6D7588D-E07A-47C9-8B41-0E77FDEC007A}"
EndProject
Project("{2150E333-8FDC-42A3-9474-1A3956D46DE8}") = "UnitTests", "UnitTests", "{16173C79-8F1E-423E-931D-83D013E39EE8}"
EndProject
Project("{2150E333-8FDC-42A3-9474-1A3956D46DE8}") = "MockDataSeed", "MockDataSeed", "{53AED6B6-B94E-4401-85B1-86275A3BF5EB}"
EndProject
Project("{9A19103F-16F7-4668-BE54-9A1E7A4F7556}") = "ASC.Online.AuctionApp.MockDataSeed", "ASC.Online.AuctionApp.MockDataSeed\ASC.Online.AuctionApp.MockDataSeed.csproj", "{D3CEAB76-7C26-4376-B0EC-59830F57BF21}"
EndProject
Project("{2150E333-8FDC-42A3-9474-1A3956D46DE8}") = "IntegrationTests", "IntegrationTests", "{49FC41D8-9E80-4B11-A2D6-73E6555018BA}"
EndProject
Project("{9A19103F-16F7-4668-BE54-9A1E7A4F7556}") = "ASC.Online.Auction.SessionSetup.Api.UnitTests", "ASC.Online.Auction.SessionSetup.Api.UnitTests\ASC.Online.Auction.SessionSetup.Api.UnitTests.csproj", "{554E47C5-9985-4B7A-97FE-E08004888E64}"
EndProject
Project("{9A19103F-16F7-4668-BE54-9A1E7A4F7556}") = "ASC.Online.AuctionApp.SessionSetup.Business.UnitTests", "ASC.Online.AuctionApp.SessionSetup.Business.UnitTests\ASC.Online.AuctionApp.SessionSetup.Business.UnitTests.csproj", "{46289750-60A3-49E3-BD70-58A2571EACD9}"
EndProject
Project("{9A19103F-16F7-4668-BE54-9A1E7A4F7556}") = "ASC.Online.AuctionApp.SessionSetup.DataAccess.UnitTests", "ASC.Online.AuctionApp.SessionSetup.DataAccess.UnitTests\ASC.Online.AuctionApp.SessionSetup.DataAccess.UnitTests.csproj", "{4A044AE5-6F5C-4775-A67F-41C617756495}"
EndProject
Project("{9A19103F-16F7-4668-BE54-9A1E7A4F7556}") = "ASC.Online.AuctionApp.SessionSetup.Api.IntegrationTests", "ASC.Online.AuctionApp.SessionSetup.Api.IntegrationTests\ASC.Online.AuctionApp.SessionSetup.Api.IntegrationTests.csproj", "{EC87AEE0-595D-4893-9F1E-B34E83216D15}"
EndProject
Project("{2150E333-8FDC-42A3-9474-1A3956D46DE8}") = "IdentityServer", "IdentityServer", "{376E1A6B-EFE4-4895-BC33-E4DAFA3741A8}"
EndProject
Project("{9A19103F-16F7-4668-BE54-9A1E7A4F7556}") = "ASC.Online.AuctionApp.Auth.ApiServer", "ASC.Online.AuctionApp.Auth.ApiServer\ASC.Online.AuctionApp.Auth.ApiServer.csproj", "{9F8D2EAB-FD14-4FE1-9208-8951FA0B03CA}"
EndProject
Project("{2150E333-8FDC-42A3-9474-1A3956D46DE8}") = "AuctionItem", "AuctionItem", "{9CA74C05-52C1-4DDA-B007-2A33C0E2D8EE}"
EndProject
Project("{FAE04EC0-301F-11D3-BF4B-00C04F79EFBC}") = "ASC.Online.AuctionApp.AuctionItemSetup.Api", "ASC.Online.AuctionApp.AuctionItemSetup.Api\ASC.Online.AuctionApp.AuctionItemSetup.Api.csproj", "{989A5B55-59F9-4AD3-9F3C-B4A0A6EEE948}"
EndProject
Project("{FAE04EC0-301F-11D3-BF4B-00C04F79EFBC}") = "ASC.Online.AuctionApp.AuctionItemSetup.Business", "ASC.Online.AuctionApp.AuctionItemSetup.Business\ASC.Online.AuctionApp.AuctionItemSetup.Business.csproj", "{42412D49-89BF-472D-ABC0-570609B22188}"
EndProject
Project("{FAE04EC0-301F-11D3-BF4B-00C04F79EFBC}") = "ASC.Online.AuctionApp.AuctionItemSetup.DataAccess", "ASC.Online.AuctionApp.AuctionItemSetup.DataAccess\ASC.Online.AuctionApp.AuctionItemSetup.DataAccess.csproj", "{12678CCD-B0FE-431C-B803-351C41D79676}"
EndProject
Project("{2150E333-8FDC-42A3-9474-1A3956D46DE8}") = "UnitTests", "UnitTests", "{34B407BA-9331-4680-9282-C8B76C25DD95}"
EndProject
Project("{2150E333-8FDC-42A3-9474-1A3956D46DE8}") = "IntegrationTests", "IntegrationTests", "{D68CA770-9A54-4901-99BC-389EB8E20FA2}"
EndProject
Project("{FAE04EC0-301F-11D3-BF4B-00C04F79EFBC}") = "ASC.Online.Auction.AuctionItemSetup.Api.UnitTests", "ASC.Online.Auction.AuctionItemSetup.Api.UnitTests\ASC.Online.Auction.AuctionItemSetup.Api.UnitTests.csproj", "{97668531-AD46-4332-89F2-FF90AFB203E9}"
EndProject
Project("{FAE04EC0-301F-11D3-BF4B-00C04F79EFBC}") = "ASC.Online.Auction.AuctionItemSetup.Business.UnitTests", "ASC.Online.Auction.AuctionItemSetup.Business.UnitTests\ASC.Online.Auction.AuctionItemSetup.Business.UnitTests.csproj", "{AF1AE00A-A82A-4E1D-A5B9-893C174D966E}"
EndProject
Project("{FAE04EC0-301F-11D3-BF4B-00C04F79EFBC}") = "ASC.Online.Auction.AuctionItemSetup.DataAccess.UnitTests", "ASC.Online.Auction.AuctionItemSetup.DataAccess.UnitTests\ASC.Online.Auction.AuctionItemSetup.DataAccess.UnitTests.csproj", "{78C6BCB4-C731-4EF5-B44B-7C95CB38A50D}"
EndProject
Project("{FAE04EC0-301F-11D3-BF4B-00C04F79EFBC}") = "ASC.Online.Auction.AuctionItemSetup.Api.IntegrationTests", "ASC.Online.Auction.AuctionItemSetup.Api.IntegrationTests\ASC.Online.Auction.AuctionItemSetup.Api.IntegrationTests.csproj", "{C310037D-767E-4D05-B0AC-3EFA942C0680}"
EndProject
Project("{2150E333-8FDC-42A3-9474-1A3956D46DE8}") = "ItemeCategory", "ItemeCategory", "{8881B77C-18CC-4922-956D-7E0661D269F6}"
EndProject
Project("{FAE04EC0-301F-11D3-BF4B-00C04F79EFBC}") = "ASC.Online.AuctionApp.ItemCategory.Api", "ASC.Online.AuctionApp.ItemCategory.Api\ASC.Online.AuctionApp.ItemCategory.Api.csproj", "{EB9A913A-8328-4488-9430-FCE9BEBFFC19}"
EndProject
Project("{FAE04EC0-301F-11D3-BF4B-00C04F79EFBC}") = "ASC.Online.AuctionApp.ItemCategory.Business", "ASC.Online.AuctionApp.ItemCategory.Business\ASC.Online.AuctionApp.ItemCategory.Business.csproj", "{A937C3FE-7B8D-4CEC-9405-D8DA905BCEB8}"
EndProject
Project("{FAE04EC0-301F-11D3-BF4B-00C04F79EFBC}") = "ASC.Online.AuctionApp.ItemCategory.DataAccess", "ASC.Online.AuctionApp.ItemCategory.DataAccess\ASC.Online.AuctionApp.ItemCategory.DataAccess.csproj", "{FA4EDC92-FE24-4A55-9579-17DF1636A8EC}"
EndProject
Project("{2150E333-8FDC-42A3-9474-1A3956D46DE8}") = "UnitTests", "UnitTests", "{3308412A-ED00-46BA-98DB-EE9D0A965C0A}"
EndProject
Project("{2150E333-8FDC-42A3-9474-1A3956D46DE8}") = "IntegrationTests", "IntegrationTests", "{C19ACDD2-36FC-4D31-9249-D7999866CE09}"
EndProject
Project("{FAE04EC0-301F-11D3-BF4B-00C04F79EFBC}") = "ASC.Online.Auction.ItemCategory.Api.UnitTests", "ASC.Online.Auction.ItemCategory.Api.UnitTests\ASC.Online.Auction.ItemCategory.Api.UnitTests.csproj", "{189B15B0-5FE2-4E60-89B4-82896E51E5C0}"
EndProject
Project("{FAE04EC0-301F-11D3-BF4B-00C04F79EFBC}") = "ASC.Online.Auction.ItemCategory.Business.UnitTests", "ASC.Online.Auction.ItemCategory.Business.UnitTests\ASC.Online.Auction.ItemCategory.Business.UnitTests.csproj", "{93335489-24B9-4247-A7D7-ABA18FCE0087}"
EndProject
Project("{FAE04EC0-301F-11D3-BF4B-00C04F79EFBC}") = "ASC.Online.Auction.ItemCategory.DataAccess.UnitTests", "ASC.Online.Auction.ItemCategory.DataAccess.UnitTests\ASC.Online.Auction.ItemCategory.DataAccess.UnitTests.csproj", "{5248E8DC-9408-4F62-83CE-67B7CE272DCC}"
EndProject
Project("{FAE04EC0-301F-11D3-BF4B-00C04F79EFBC}") = "ASC.Online.Auction.ItemCategory.Api.IntegrationTests", "ASC.Online.Auction.ItemCategory.Api.IntegrationTests\ASC.Online.Auction.ItemCategory.Api.IntegrationTests.csproj", "{CE5F02FA-2793-4E47-84F8-10C22DC8ACE7}"
EndProject
Project("{2150E333-8FDC-42A3-9474-1A3956D46DE8}") = "ItemStatus", "ItemStatus", "{4C603E74-6095-4F93-9672-768FF76D7406}"
EndProject
Project("{FAE04EC0-301F-11D3-BF4B-00C04F79EFBC}") = "ASC.Online.AuctionApp.ItemStatus.Api", "ASC.Online.AuctionApp.ItemStatus.Api\ASC.Online.AuctionApp.ItemStatus.Api.csproj", "{F8932C9E-1363-4C1C-A1D4-38E312FE922E}"
EndProject
Project("{9A19103F-16F7-4668-BE54-9A1E7A4F7556}") = "ASC.Online.AuctionApp.ItemStatus.Business", "ASC.Online.AuctionApp.ItemStatus.Business\ASC.Online.AuctionApp.ItemStatus.Business.csproj", "{612C2C0F-8A11-4FC7-B859-4ADDD4FBCC61}"
EndProject
Project("{FAE04EC0-301F-11D3-BF4B-00C04F79EFBC}") = "ASC.Online.AuctionApp.ItemStatus.DataAccess", "ASC.Online.AuctionApp.ItemStatus.DataAccess\ASC.Online.AuctionApp.ItemStatus.DataAccess.csproj", "{BF971259-1546-4DEE-8669-5919ABC77AF3}"
EndProject
Project("{2150E333-8FDC-42A3-9474-1A3956D46DE8}") = "UnitTests", "UnitTests", "{9CECEAF9-CB65-4F6A-8F23-F30CFC6DC369}"
EndProject
Project("{2150E333-8FDC-42A3-9474-1A3956D46DE8}") = "IntegrationTests", "IntegrationTests", "{677232DA-9400-404A-9EA1-E0F4E745BB72}"
EndProject
Project("{FAE04EC0-301F-11D3-BF4B-00C04F79EFBC}") = "ASC.Online.AuctionApp.ItemStatus.Api.UnitTests", "ASC.Online.AuctionApp.ItemStatus.Api.UnitTests\ASC.Online.AuctionApp.ItemStatus.Api.UnitTests.csproj", "{0BED9308-C1DC-4BD6-B93F-F703FCFAF1BF}"
EndProject
Project("{FAE04EC0-301F-11D3-BF4B-00C04F79EFBC}") = "ASC.Online.AuctionApp.ItemStatus.Business.UnitTests", "ASC.Online.AuctionApp.ItemStatus.Business.UnitTests\ASC.Online.AuctionApp.ItemStatus.Business.UnitTests.csproj", "{CEA2B7BC-9319-4C4C-AF65-1739741838B3}"
EndProject
Project("{FAE04EC0-301F-11D3-BF4B-00C04F79EFBC}") = "ASC.Online.AuctionApp.ItemStatus.DataAccessUnitTests", "ASC.Online.AuctionApp.ItemStatus.DataAccessUnitTests\ASC.Online.AuctionApp.ItemStatus.DataAccessUnitTests.csproj", "{E5052DA0-1D53-4A72-9FE1-44C2D307DE59}"
EndProject
Project("{FAE04EC0-301F-11D3-BF4B-00C04F79EFBC}") = "ASC.Online.AuctionApp.ItemStatus.Api.IntegrationTests", "ASC.Online.AuctionApp.ItemStatus.Api.IntegrationTests\ASC.Online.AuctionApp.ItemStatus.Api.IntegrationTests.csproj", "{CCB44D02-601E-48C6-BA1B-A2280D6AD2B9}"
EndProject
Global
	GlobalSection(SolutionConfigurationPlatforms) = preSolution
		Debug|Any CPU = Debug|Any CPU
		Release|Any CPU = Release|Any CPU
	EndGlobalSection
	GlobalSection(ProjectConfigurationPlatforms) = postSolution
		{D9E5A5A1-56BA-4F86-AFED-102FCFA2E605}.Debug|Any CPU.ActiveCfg = Debug|Any CPU
		{D9E5A5A1-56BA-4F86-AFED-102FCFA2E605}.Debug|Any CPU.Build.0 = Debug|Any CPU
		{D9E5A5A1-56BA-4F86-AFED-102FCFA2E605}.Release|Any CPU.ActiveCfg = Release|Any CPU
		{D9E5A5A1-56BA-4F86-AFED-102FCFA2E605}.Release|Any CPU.Build.0 = Release|Any CPU
		{F9553CB9-130B-4B45-AD6E-1ABD34CB0E64}.Debug|Any CPU.ActiveCfg = Debug|Any CPU
		{F9553CB9-130B-4B45-AD6E-1ABD34CB0E64}.Debug|Any CPU.Build.0 = Debug|Any CPU
		{F9553CB9-130B-4B45-AD6E-1ABD34CB0E64}.Release|Any CPU.ActiveCfg = Release|Any CPU
		{F9553CB9-130B-4B45-AD6E-1ABD34CB0E64}.Release|Any CPU.Build.0 = Release|Any CPU
		{B71D1BE5-7752-4041-83B5-A3C0008F50E4}.Debug|Any CPU.ActiveCfg = Debug|Any CPU
		{B71D1BE5-7752-4041-83B5-A3C0008F50E4}.Debug|Any CPU.Build.0 = Debug|Any CPU
		{B71D1BE5-7752-4041-83B5-A3C0008F50E4}.Release|Any CPU.ActiveCfg = Release|Any CPU
		{B71D1BE5-7752-4041-83B5-A3C0008F50E4}.Release|Any CPU.Build.0 = Release|Any CPU
		{18FF65FD-A339-4F48-8ACC-6EEE2C4F64BE}.Debug|Any CPU.ActiveCfg = Debug|Any CPU
		{18FF65FD-A339-4F48-8ACC-6EEE2C4F64BE}.Debug|Any CPU.Build.0 = Debug|Any CPU
		{18FF65FD-A339-4F48-8ACC-6EEE2C4F64BE}.Release|Any CPU.ActiveCfg = Release|Any CPU
		{18FF65FD-A339-4F48-8ACC-6EEE2C4F64BE}.Release|Any CPU.Build.0 = Release|Any CPU
		{DF178CD9-B9EF-4DB1-9B25-6B78A8151589}.Debug|Any CPU.ActiveCfg = Debug|Any CPU
		{DF178CD9-B9EF-4DB1-9B25-6B78A8151589}.Debug|Any CPU.Build.0 = Debug|Any CPU
		{DF178CD9-B9EF-4DB1-9B25-6B78A8151589}.Release|Any CPU.ActiveCfg = Release|Any CPU
		{DF178CD9-B9EF-4DB1-9B25-6B78A8151589}.Release|Any CPU.Build.0 = Release|Any CPU
		{A6D765EB-AAAA-41E2-A12E-FC2E53A983C4}.Debug|Any CPU.ActiveCfg = Debug|Any CPU
		{A6D765EB-AAAA-41E2-A12E-FC2E53A983C4}.Debug|Any CPU.Build.0 = Debug|Any CPU
		{A6D765EB-AAAA-41E2-A12E-FC2E53A983C4}.Release|Any CPU.ActiveCfg = Release|Any CPU
		{A6D765EB-AAAA-41E2-A12E-FC2E53A983C4}.Release|Any CPU.Build.0 = Release|Any CPU
		{F6D7588D-E07A-47C9-8B41-0E77FDEC007A}.Debug|Any CPU.ActiveCfg = Debug|Any CPU
		{F6D7588D-E07A-47C9-8B41-0E77FDEC007A}.Debug|Any CPU.Build.0 = Debug|Any CPU
		{F6D7588D-E07A-47C9-8B41-0E77FDEC007A}.Release|Any CPU.ActiveCfg = Release|Any CPU
		{F6D7588D-E07A-47C9-8B41-0E77FDEC007A}.Release|Any CPU.Build.0 = Release|Any CPU
		{D3CEAB76-7C26-4376-B0EC-59830F57BF21}.Debug|Any CPU.ActiveCfg = Debug|Any CPU
		{D3CEAB76-7C26-4376-B0EC-59830F57BF21}.Debug|Any CPU.Build.0 = Debug|Any CPU
		{D3CEAB76-7C26-4376-B0EC-59830F57BF21}.Release|Any CPU.ActiveCfg = Release|Any CPU
		{D3CEAB76-7C26-4376-B0EC-59830F57BF21}.Release|Any CPU.Build.0 = Release|Any CPU
		{554E47C5-9985-4B7A-97FE-E08004888E64}.Debug|Any CPU.ActiveCfg = Debug|Any CPU
		{554E47C5-9985-4B7A-97FE-E08004888E64}.Debug|Any CPU.Build.0 = Debug|Any CPU
		{554E47C5-9985-4B7A-97FE-E08004888E64}.Release|Any CPU.ActiveCfg = Release|Any CPU
		{554E47C5-9985-4B7A-97FE-E08004888E64}.Release|Any CPU.Build.0 = Release|Any CPU
		{46289750-60A3-49E3-BD70-58A2571EACD9}.Debug|Any CPU.ActiveCfg = Debug|Any CPU
		{46289750-60A3-49E3-BD70-58A2571EACD9}.Debug|Any CPU.Build.0 = Debug|Any CPU
		{46289750-60A3-49E3-BD70-58A2571EACD9}.Release|Any CPU.ActiveCfg = Release|Any CPU
		{46289750-60A3-49E3-BD70-58A2571EACD9}.Release|Any CPU.Build.0 = Release|Any CPU
		{4A044AE5-6F5C-4775-A67F-41C617756495}.Debug|Any CPU.ActiveCfg = Debug|Any CPU
		{4A044AE5-6F5C-4775-A67F-41C617756495}.Debug|Any CPU.Build.0 = Debug|Any CPU
		{4A044AE5-6F5C-4775-A67F-41C617756495}.Release|Any CPU.ActiveCfg = Release|Any CPU
		{4A044AE5-6F5C-4775-A67F-41C617756495}.Release|Any CPU.Build.0 = Release|Any CPU
		{EC87AEE0-595D-4893-9F1E-B34E83216D15}.Debug|Any CPU.ActiveCfg = Debug|Any CPU
		{EC87AEE0-595D-4893-9F1E-B34E83216D15}.Debug|Any CPU.Build.0 = Debug|Any CPU
		{EC87AEE0-595D-4893-9F1E-B34E83216D15}.Release|Any CPU.ActiveCfg = Release|Any CPU
		{EC87AEE0-595D-4893-9F1E-B34E83216D15}.Release|Any CPU.Build.0 = Release|Any CPU
		{9F8D2EAB-FD14-4FE1-9208-8951FA0B03CA}.Debug|Any CPU.ActiveCfg = Debug|Any CPU
		{9F8D2EAB-FD14-4FE1-9208-8951FA0B03CA}.Debug|Any CPU.Build.0 = Debug|Any CPU
		{9F8D2EAB-FD14-4FE1-9208-8951FA0B03CA}.Release|Any CPU.ActiveCfg = Release|Any CPU
		{9F8D2EAB-FD14-4FE1-9208-8951FA0B03CA}.Release|Any CPU.Build.0 = Release|Any CPU
		{989A5B55-59F9-4AD3-9F3C-B4A0A6EEE948}.Debug|Any CPU.ActiveCfg = Debug|Any CPU
		{989A5B55-59F9-4AD3-9F3C-B4A0A6EEE948}.Debug|Any CPU.Build.0 = Debug|Any CPU
		{989A5B55-59F9-4AD3-9F3C-B4A0A6EEE948}.Release|Any CPU.ActiveCfg = Release|Any CPU
		{989A5B55-59F9-4AD3-9F3C-B4A0A6EEE948}.Release|Any CPU.Build.0 = Release|Any CPU
		{42412D49-89BF-472D-ABC0-570609B22188}.Debug|Any CPU.ActiveCfg = Debug|Any CPU
		{42412D49-89BF-472D-ABC0-570609B22188}.Debug|Any CPU.Build.0 = Debug|Any CPU
		{42412D49-89BF-472D-ABC0-570609B22188}.Release|Any CPU.ActiveCfg = Release|Any CPU
		{42412D49-89BF-472D-ABC0-570609B22188}.Release|Any CPU.Build.0 = Release|Any CPU
		{12678CCD-B0FE-431C-B803-351C41D79676}.Debug|Any CPU.ActiveCfg = Debug|Any CPU
		{12678CCD-B0FE-431C-B803-351C41D79676}.Debug|Any CPU.Build.0 = Debug|Any CPU
		{12678CCD-B0FE-431C-B803-351C41D79676}.Release|Any CPU.ActiveCfg = Release|Any CPU
		{12678CCD-B0FE-431C-B803-351C41D79676}.Release|Any CPU.Build.0 = Release|Any CPU
		{97668531-AD46-4332-89F2-FF90AFB203E9}.Debug|Any CPU.ActiveCfg = Debug|Any CPU
		{97668531-AD46-4332-89F2-FF90AFB203E9}.Debug|Any CPU.Build.0 = Debug|Any CPU
		{97668531-AD46-4332-89F2-FF90AFB203E9}.Release|Any CPU.ActiveCfg = Release|Any CPU
		{97668531-AD46-4332-89F2-FF90AFB203E9}.Release|Any CPU.Build.0 = Release|Any CPU
		{AF1AE00A-A82A-4E1D-A5B9-893C174D966E}.Debug|Any CPU.ActiveCfg = Debug|Any CPU
		{AF1AE00A-A82A-4E1D-A5B9-893C174D966E}.Debug|Any CPU.Build.0 = Debug|Any CPU
		{AF1AE00A-A82A-4E1D-A5B9-893C174D966E}.Release|Any CPU.ActiveCfg = Release|Any CPU
		{AF1AE00A-A82A-4E1D-A5B9-893C174D966E}.Release|Any CPU.Build.0 = Release|Any CPU
		{78C6BCB4-C731-4EF5-B44B-7C95CB38A50D}.Debug|Any CPU.ActiveCfg = Debug|Any CPU
		{78C6BCB4-C731-4EF5-B44B-7C95CB38A50D}.Debug|Any CPU.Build.0 = Debug|Any CPU
		{78C6BCB4-C731-4EF5-B44B-7C95CB38A50D}.Release|Any CPU.ActiveCfg = Release|Any CPU
		{78C6BCB4-C731-4EF5-B44B-7C95CB38A50D}.Release|Any CPU.Build.0 = Release|Any CPU
		{C310037D-767E-4D05-B0AC-3EFA942C0680}.Debug|Any CPU.ActiveCfg = Debug|Any CPU
		{C310037D-767E-4D05-B0AC-3EFA942C0680}.Debug|Any CPU.Build.0 = Debug|Any CPU
		{C310037D-767E-4D05-B0AC-3EFA942C0680}.Release|Any CPU.ActiveCfg = Release|Any CPU
		{C310037D-767E-4D05-B0AC-3EFA942C0680}.Release|Any CPU.Build.0 = Release|Any CPU
		{EB9A913A-8328-4488-9430-FCE9BEBFFC19}.Debug|Any CPU.ActiveCfg = Debug|Any CPU
		{EB9A913A-8328-4488-9430-FCE9BEBFFC19}.Debug|Any CPU.Build.0 = Debug|Any CPU
		{EB9A913A-8328-4488-9430-FCE9BEBFFC19}.Release|Any CPU.ActiveCfg = Release|Any CPU
		{EB9A913A-8328-4488-9430-FCE9BEBFFC19}.Release|Any CPU.Build.0 = Release|Any CPU
		{A937C3FE-7B8D-4CEC-9405-D8DA905BCEB8}.Debug|Any CPU.ActiveCfg = Debug|Any CPU
		{A937C3FE-7B8D-4CEC-9405-D8DA905BCEB8}.Debug|Any CPU.Build.0 = Debug|Any CPU
		{A937C3FE-7B8D-4CEC-9405-D8DA905BCEB8}.Release|Any CPU.ActiveCfg = Release|Any CPU
		{A937C3FE-7B8D-4CEC-9405-D8DA905BCEB8}.Release|Any CPU.Build.0 = Release|Any CPU
		{FA4EDC92-FE24-4A55-9579-17DF1636A8EC}.Debug|Any CPU.ActiveCfg = Debug|Any CPU
		{FA4EDC92-FE24-4A55-9579-17DF1636A8EC}.Debug|Any CPU.Build.0 = Debug|Any CPU
		{FA4EDC92-FE24-4A55-9579-17DF1636A8EC}.Release|Any CPU.ActiveCfg = Release|Any CPU
		{FA4EDC92-FE24-4A55-9579-17DF1636A8EC}.Release|Any CPU.Build.0 = Release|Any CPU
		{189B15B0-5FE2-4E60-89B4-82896E51E5C0}.Debug|Any CPU.ActiveCfg = Debug|Any CPU
		{189B15B0-5FE2-4E60-89B4-82896E51E5C0}.Debug|Any CPU.Build.0 = Debug|Any CPU
		{189B15B0-5FE2-4E60-89B4-82896E51E5C0}.Release|Any CPU.ActiveCfg = Release|Any CPU
		{189B15B0-5FE2-4E60-89B4-82896E51E5C0}.Release|Any CPU.Build.0 = Release|Any CPU
		{93335489-24B9-4247-A7D7-ABA18FCE0087}.Debug|Any CPU.ActiveCfg = Debug|Any CPU
		{93335489-24B9-4247-A7D7-ABA18FCE0087}.Debug|Any CPU.Build.0 = Debug|Any CPU
		{93335489-24B9-4247-A7D7-ABA18FCE0087}.Release|Any CPU.ActiveCfg = Release|Any CPU
		{93335489-24B9-4247-A7D7-ABA18FCE0087}.Release|Any CPU.Build.0 = Release|Any CPU
		{5248E8DC-9408-4F62-83CE-67B7CE272DCC}.Debug|Any CPU.ActiveCfg = Debug|Any CPU
		{5248E8DC-9408-4F62-83CE-67B7CE272DCC}.Debug|Any CPU.Build.0 = Debug|Any CPU
		{5248E8DC-9408-4F62-83CE-67B7CE272DCC}.Release|Any CPU.ActiveCfg = Release|Any CPU
		{5248E8DC-9408-4F62-83CE-67B7CE272DCC}.Release|Any CPU.Build.0 = Release|Any CPU
		{CE5F02FA-2793-4E47-84F8-10C22DC8ACE7}.Debug|Any CPU.ActiveCfg = Debug|Any CPU
		{CE5F02FA-2793-4E47-84F8-10C22DC8ACE7}.Debug|Any CPU.Build.0 = Debug|Any CPU
		{CE5F02FA-2793-4E47-84F8-10C22DC8ACE7}.Release|Any CPU.ActiveCfg = Release|Any CPU
		{CE5F02FA-2793-4E47-84F8-10C22DC8ACE7}.Release|Any CPU.Build.0 = Release|Any CPU
		{F8932C9E-1363-4C1C-A1D4-38E312FE922E}.Debug|Any CPU.ActiveCfg = Debug|Any CPU
		{F8932C9E-1363-4C1C-A1D4-38E312FE922E}.Debug|Any CPU.Build.0 = Debug|Any CPU
		{F8932C9E-1363-4C1C-A1D4-38E312FE922E}.Release|Any CPU.ActiveCfg = Release|Any CPU
		{F8932C9E-1363-4C1C-A1D4-38E312FE922E}.Release|Any CPU.Build.0 = Release|Any CPU
		{612C2C0F-8A11-4FC7-B859-4ADDD4FBCC61}.Debug|Any CPU.ActiveCfg = Debug|Any CPU
		{612C2C0F-8A11-4FC7-B859-4ADDD4FBCC61}.Debug|Any CPU.Build.0 = Debug|Any CPU
		{612C2C0F-8A11-4FC7-B859-4ADDD4FBCC61}.Release|Any CPU.ActiveCfg = Release|Any CPU
		{612C2C0F-8A11-4FC7-B859-4ADDD4FBCC61}.Release|Any CPU.Build.0 = Release|Any CPU
		{BF971259-1546-4DEE-8669-5919ABC77AF3}.Debug|Any CPU.ActiveCfg = Debug|Any CPU
		{BF971259-1546-4DEE-8669-5919ABC77AF3}.Debug|Any CPU.Build.0 = Debug|Any CPU
		{BF971259-1546-4DEE-8669-5919ABC77AF3}.Release|Any CPU.ActiveCfg = Release|Any CPU
		{BF971259-1546-4DEE-8669-5919ABC77AF3}.Release|Any CPU.Build.0 = Release|Any CPU
		{0BED9308-C1DC-4BD6-B93F-F703FCFAF1BF}.Debug|Any CPU.ActiveCfg = Debug|Any CPU
		{0BED9308-C1DC-4BD6-B93F-F703FCFAF1BF}.Debug|Any CPU.Build.0 = Debug|Any CPU
		{0BED9308-C1DC-4BD6-B93F-F703FCFAF1BF}.Release|Any CPU.ActiveCfg = Release|Any CPU
		{0BED9308-C1DC-4BD6-B93F-F703FCFAF1BF}.Release|Any CPU.Build.0 = Release|Any CPU
		{CEA2B7BC-9319-4C4C-AF65-1739741838B3}.Debug|Any CPU.ActiveCfg = Debug|Any CPU
		{CEA2B7BC-9319-4C4C-AF65-1739741838B3}.Debug|Any CPU.Build.0 = Debug|Any CPU
		{CEA2B7BC-9319-4C4C-AF65-1739741838B3}.Release|Any CPU.ActiveCfg = Release|Any CPU
		{CEA2B7BC-9319-4C4C-AF65-1739741838B3}.Release|Any CPU.Build.0 = Release|Any CPU
		{E5052DA0-1D53-4A72-9FE1-44C2D307DE59}.Debug|Any CPU.ActiveCfg = Debug|Any CPU
		{E5052DA0-1D53-4A72-9FE1-44C2D307DE59}.Debug|Any CPU.Build.0 = Debug|Any CPU
		{E5052DA0-1D53-4A72-9FE1-44C2D307DE59}.Release|Any CPU.ActiveCfg = Release|Any CPU
		{E5052DA0-1D53-4A72-9FE1-44C2D307DE59}.Release|Any CPU.Build.0 = Release|Any CPU
		{CCB44D02-601E-48C6-BA1B-A2280D6AD2B9}.Debug|Any CPU.ActiveCfg = Debug|Any CPU
		{CCB44D02-601E-48C6-BA1B-A2280D6AD2B9}.Debug|Any CPU.Build.0 = Debug|Any CPU
		{CCB44D02-601E-48C6-BA1B-A2280D6AD2B9}.Release|Any CPU.ActiveCfg = Release|Any CPU
		{CCB44D02-601E-48C6-BA1B-A2280D6AD2B9}.Release|Any CPU.Build.0 = Release|Any CPU
	EndGlobalSection
	GlobalSection(SolutionProperties) = preSolution
		HideSolutionNode = FALSE
	EndGlobalSection
	GlobalSection(NestedProjects) = preSolution
		{ECFE1B0C-9C88-4BC8-9A35-63370481E079} = {5F14A4FA-DC01-4E08-9039-4F742659E68C}
		{D9E5A5A1-56BA-4F86-AFED-102FCFA2E605} = {ECFE1B0C-9C88-4BC8-9A35-63370481E079}
		{F9553CB9-130B-4B45-AD6E-1ABD34CB0E64} = {ECFE1B0C-9C88-4BC8-9A35-63370481E079}
		{B71D1BE5-7752-4041-83B5-A3C0008F50E4} = {ECFE1B0C-9C88-4BC8-9A35-63370481E079}
		{18FF65FD-A339-4F48-8ACC-6EEE2C4F64BE} = {AFFE4966-1609-4B32-A6B4-D9CF03D49811}
		{DF178CD9-B9EF-4DB1-9B25-6B78A8151589} = {6132A8FC-C6AE-46CE-B1C2-EDE8F59FB7D8}
		{A6D765EB-AAAA-41E2-A12E-FC2E53A983C4} = {6132A8FC-C6AE-46CE-B1C2-EDE8F59FB7D8}
		{F6D7588D-E07A-47C9-8B41-0E77FDEC007A} = {6132A8FC-C6AE-46CE-B1C2-EDE8F59FB7D8}
		{16173C79-8F1E-423E-931D-83D013E39EE8} = {ECFE1B0C-9C88-4BC8-9A35-63370481E079}
		{D3CEAB76-7C26-4376-B0EC-59830F57BF21} = {53AED6B6-B94E-4401-85B1-86275A3BF5EB}
		{49FC41D8-9E80-4B11-A2D6-73E6555018BA} = {ECFE1B0C-9C88-4BC8-9A35-63370481E079}
		{554E47C5-9985-4B7A-97FE-E08004888E64} = {16173C79-8F1E-423E-931D-83D013E39EE8}
		{46289750-60A3-49E3-BD70-58A2571EACD9} = {16173C79-8F1E-423E-931D-83D013E39EE8}
		{4A044AE5-6F5C-4775-A67F-41C617756495} = {16173C79-8F1E-423E-931D-83D013E39EE8}
		{EC87AEE0-595D-4893-9F1E-B34E83216D15} = {49FC41D8-9E80-4B11-A2D6-73E6555018BA}
		{9F8D2EAB-FD14-4FE1-9208-8951FA0B03CA} = {376E1A6B-EFE4-4895-BC33-E4DAFA3741A8}
		{9CA74C05-52C1-4DDA-B007-2A33C0E2D8EE} = {5F14A4FA-DC01-4E08-9039-4F742659E68C}
		{989A5B55-59F9-4AD3-9F3C-B4A0A6EEE948} = {9CA74C05-52C1-4DDA-B007-2A33C0E2D8EE}
		{42412D49-89BF-472D-ABC0-570609B22188} = {9CA74C05-52C1-4DDA-B007-2A33C0E2D8EE}
		{12678CCD-B0FE-431C-B803-351C41D79676} = {9CA74C05-52C1-4DDA-B007-2A33C0E2D8EE}
		{34B407BA-9331-4680-9282-C8B76C25DD95} = {9CA74C05-52C1-4DDA-B007-2A33C0E2D8EE}
		{D68CA770-9A54-4901-99BC-389EB8E20FA2} = {9CA74C05-52C1-4DDA-B007-2A33C0E2D8EE}
		{97668531-AD46-4332-89F2-FF90AFB203E9} = {34B407BA-9331-4680-9282-C8B76C25DD95}
		{AF1AE00A-A82A-4E1D-A5B9-893C174D966E} = {34B407BA-9331-4680-9282-C8B76C25DD95}
		{78C6BCB4-C731-4EF5-B44B-7C95CB38A50D} = {34B407BA-9331-4680-9282-C8B76C25DD95}
		{C310037D-767E-4D05-B0AC-3EFA942C0680} = {D68CA770-9A54-4901-99BC-389EB8E20FA2}
		{8881B77C-18CC-4922-956D-7E0661D269F6} = {5F14A4FA-DC01-4E08-9039-4F742659E68C}
		{EB9A913A-8328-4488-9430-FCE9BEBFFC19} = {8881B77C-18CC-4922-956D-7E0661D269F6}
		{A937C3FE-7B8D-4CEC-9405-D8DA905BCEB8} = {8881B77C-18CC-4922-956D-7E0661D269F6}
		{FA4EDC92-FE24-4A55-9579-17DF1636A8EC} = {8881B77C-18CC-4922-956D-7E0661D269F6}
		{3308412A-ED00-46BA-98DB-EE9D0A965C0A} = {8881B77C-18CC-4922-956D-7E0661D269F6}
		{C19ACDD2-36FC-4D31-9249-D7999866CE09} = {8881B77C-18CC-4922-956D-7E0661D269F6}
		{189B15B0-5FE2-4E60-89B4-82896E51E5C0} = {3308412A-ED00-46BA-98DB-EE9D0A965C0A}
		{93335489-24B9-4247-A7D7-ABA18FCE0087} = {3308412A-ED00-46BA-98DB-EE9D0A965C0A}
		{5248E8DC-9408-4F62-83CE-67B7CE272DCC} = {3308412A-ED00-46BA-98DB-EE9D0A965C0A}
		{CE5F02FA-2793-4E47-84F8-10C22DC8ACE7} = {C19ACDD2-36FC-4D31-9249-D7999866CE09}
		{4C603E74-6095-4F93-9672-768FF76D7406} = {5F14A4FA-DC01-4E08-9039-4F742659E68C}
		{F8932C9E-1363-4C1C-A1D4-38E312FE922E} = {4C603E74-6095-4F93-9672-768FF76D7406}
		{612C2C0F-8A11-4FC7-B859-4ADDD4FBCC61} = {4C603E74-6095-4F93-9672-768FF76D7406}
		{BF971259-1546-4DEE-8669-5919ABC77AF3} = {4C603E74-6095-4F93-9672-768FF76D7406}
		{9CECEAF9-CB65-4F6A-8F23-F30CFC6DC369} = {4C603E74-6095-4F93-9672-768FF76D7406}
		{677232DA-9400-404A-9EA1-E0F4E745BB72} = {4C603E74-6095-4F93-9672-768FF76D7406}
		{0BED9308-C1DC-4BD6-B93F-F703FCFAF1BF} = {9CECEAF9-CB65-4F6A-8F23-F30CFC6DC369}
		{CEA2B7BC-9319-4C4C-AF65-1739741838B3} = {9CECEAF9-CB65-4F6A-8F23-F30CFC6DC369}
		{E5052DA0-1D53-4A72-9FE1-44C2D307DE59} = {9CECEAF9-CB65-4F6A-8F23-F30CFC6DC369}
		{CCB44D02-601E-48C6-BA1B-A2280D6AD2B9} = {677232DA-9400-404A-9EA1-E0F4E745BB72}
	EndGlobalSection
	GlobalSection(ExtensibilityGlobals) = postSolution
		SolutionGuid = {9FA29562-1440-429F-A082-9573E47FA88C}
	EndGlobalSection
EndGlobal
